
Microsoft Visual Studio Solution File, Format Version 12.00
# Visual Studio Version 17
VisualStudioVersion = 17.14.36414.22
MinimumVisualStudioVersion = 10.0.40219.1
Project("{2150E333-8FDC-42A3-9474-1A3956D46DE8}") = "src", "src", "{827E0CD3-B72D-47B6-A68D-7590B98EB39B}"
EndProject
Project("{FAE04EC0-301F-11D3-BF4B-00C04F79EFBC}") = "ECommerce.API", "src\ECommerce.API\ECommerce.API.csproj", "{043A78BD-95ED-441B-B615-BEAD067541C4}"
EndProject
Project("{FAE04EC0-301F-11D3-BF4B-00C04F79EFBC}") = "ECommerce.Application", "src\ECommerce.Application\ECommerce.Application.csproj", "{DCB5DBB8-454F-4A9D-BE64-99BA62F4A688}"
EndProject
Project("{FAE04EC0-301F-11D3-BF4B-00C04F79EFBC}") = "ECommerce.Domain", "src\ECommerce.Domain\ECommerce.Domain.csproj", "{36201AE3-B1F8-42B2-A7B7-E61FD94F7BD0}"
EndProject
Project("{FAE04EC0-301F-11D3-BF4B-00C04F79EFBC}") = "ECommerce.Infrastructure", "src\ECommerce.Infrastructure\ECommerce.Infrastructure.csproj", "{5F39EDC1-98C9-4F19-A59F-5D02352733F1}"
EndProject
Project("{2150E333-8FDC-42A3-9474-1A3956D46DE8}") = "tests", "tests", "{0AB3BF05-4346-4AA6-1389-037BE0695223}"
EndProject
Project("{FAE04EC0-301F-11D3-BF4B-00C04F79EFBC}") = "ECommerce.ApiTests", "tests\ECommerce.ApiTests\ECommerce.ApiTests.csproj", "{F29E0EB3-A9CD-4C65-B052-FD6430ADE957}"
EndProject
Project("{FAE04EC0-301F-11D3-BF4B-00C04F79EFBC}") = "ECommerce.IntegrationTests", "tests\ECommerce.IntegrationTests\ECommerce.IntegrationTests.csproj", "{65550CB2-4BA5-48EA-A501-1AF662DECE0F}"
EndProject
Project("{FAE04EC0-301F-11D3-BF4B-00C04F79EFBC}") = "ECommerce.UnitTests", "tests\ECommerce.UnitTests\ECommerce.UnitTests.csproj", "{64AF6FFF-97F6-4803-B55A-9949447B17BB}"
EndProject
Global
	GlobalSection(SolutionConfigurationPlatforms) = preSolution
		Debug|Any CPU = Debug|Any CPU
		Debug|x64 = Debug|x64
		Debug|x86 = Debug|x86
		Release|Any CPU = Release|Any CPU
		Release|x64 = Release|x64
		Release|x86 = Release|x86
	EndGlobalSection
	GlobalSection(ProjectConfigurationPlatforms) = postSolution
		{043A78BD-95ED-441B-B615-BEAD067541C4}.Debug|Any CPU.ActiveCfg = Debug|Any CPU
		{043A78BD-95ED-441B-B615-BEAD067541C4}.Debug|Any CPU.Build.0 = Debug|Any CPU
		{043A78BD-95ED-441B-B615-BEAD067541C4}.Debug|x64.ActiveCfg = Debug|Any CPU
		{043A78BD-95ED-441B-B615-BEAD067541C4}.Debug|x64.Build.0 = Debug|Any CPU
		{043A78BD-95ED-441B-B615-BEAD067541C4}.Debug|x86.ActiveCfg = Debug|Any CPU
		{043A78BD-95ED-441B-B615-BEAD067541C4}.Debug|x86.Build.0 = Debug|Any CPU
		{043A78BD-95ED-441B-B615-BEAD067541C4}.Release|Any CPU.ActiveCfg = Release|Any CPU
		{043A78BD-95ED-441B-B615-BEAD067541C4}.Release|Any CPU.Build.0 = Release|Any CPU
		{043A78BD-95ED-441B-B615-BEAD067541C4}.Release|x64.ActiveCfg = Release|Any CPU
		{043A78BD-95ED-441B-B615-BEAD067541C4}.Release|x64.Build.0 = Release|Any CPU
		{043A78BD-95ED-441B-B615-BEAD067541C4}.Release|x86.ActiveCfg = Release|Any CPU
		{043A78BD-95ED-441B-B615-BEAD067541C4}.Release|x86.Build.0 = Release|Any CPU
		{DCB5DBB8-454F-4A9D-BE64-99BA62F4A688}.Debug|Any CPU.ActiveCfg = Debug|Any CPU
		{DCB5DBB8-454F-4A9D-BE64-99BA62F4A688}.Debug|Any CPU.Build.0 = Debug|Any CPU
		{DCB5DBB8-454F-4A9D-BE64-99BA62F4A688}.Debug|x64.ActiveCfg = Debug|Any CPU
		{DCB5DBB8-454F-4A9D-BE64-99BA62F4A688}.Debug|x64.Build.0 = Debug|Any CPU
		{DCB5DBB8-454F-4A9D-BE64-99BA62F4A688}.Debug|x86.ActiveCfg = Debug|Any CPU
		{DCB5DBB8-454F-4A9D-BE64-99BA62F4A688}.Debug|x86.Build.0 = Debug|Any CPU
		{DCB5DBB8-454F-4A9D-BE64-99BA62F4A688}.Release|Any CPU.ActiveCfg = Release|Any CPU
		{DCB5DBB8-454F-4A9D-BE64-99BA62F4A688}.Release|Any CPU.Build.0 = Release|Any CPU
		{DCB5DBB8-454F-4A9D-BE64-99BA62F4A688}.Release|x64.ActiveCfg = Release|Any CPU
		{DCB5DBB8-454F-4A9D-BE64-99BA62F4A688}.Release|x64.Build.0 = Release|Any CPU
		{DCB5DBB8-454F-4A9D-BE64-99BA62F4A688}.Release|x86.ActiveCfg = Release|Any CPU
		{DCB5DBB8-454F-4A9D-BE64-99BA62F4A688}.Release|x86.Build.0 = Release|Any CPU
		{36201AE3-B1F8-42B2-A7B7-E61FD94F7BD0}.Debug|Any CPU.ActiveCfg = Debug|Any CPU
		{36201AE3-B1F8-42B2-A7B7-E61FD94F7BD0}.Debug|Any CPU.Build.0 = Debug|Any CPU
		{36201AE3-B1F8-42B2-A7B7-E61FD94F7BD0}.Debug|x64.ActiveCfg = Debug|Any CPU
		{36201AE3-B1F8-42B2-A7B7-E61FD94F7BD0}.Debug|x64.Build.0 = Debug|Any CPU
		{36201AE3-B1F8-42B2-A7B7-E61FD94F7BD0}.Debug|x86.ActiveCfg = Debug|Any CPU
		{36201AE3-B1F8-42B2-A7B7-E61FD94F7BD0}.Debug|x86.Build.0 = Debug|Any CPU
		{36201AE3-B1F8-42B2-A7B7-E61FD94F7BD0}.Release|Any CPU.ActiveCfg = Release|Any CPU
		{36201AE3-B1F8-42B2-A7B7-E61FD94F7BD0}.Release|Any CPU.Build.0 = Release|Any CPU
		{36201AE3-B1F8-42B2-A7B7-E61FD94F7BD0}.Release|x64.ActiveCfg = Release|Any CPU
		{36201AE3-B1F8-42B2-A7B7-E61FD94F7BD0}.Release|x64.Build.0 = Release|Any CPU
		{36201AE3-B1F8-42B2-A7B7-E61FD94F7BD0}.Release|x86.ActiveCfg = Release|Any CPU
		{36201AE3-B1F8-42B2-A7B7-E61FD94F7BD0}.Release|x86.Build.0 = Release|Any CPU
		{5F39EDC1-98C9-4F19-A59F-5D02352733F1}.Debug|Any CPU.ActiveCfg = Debug|Any CPU
		{5F39EDC1-98C9-4F19-A59F-5D02352733F1}.Debug|Any CPU.Build.0 = Debug|Any CPU
		{5F39EDC1-98C9-4F19-A59F-5D02352733F1}.Debug|x64.ActiveCfg = Debug|Any CPU
		{5F39EDC1-98C9-4F19-A59F-5D02352733F1}.Debug|x64.Build.0 = Debug|Any CPU
		{5F39EDC1-98C9-4F19-A59F-5D02352733F1}.Debug|x86.ActiveCfg = Debug|Any CPU
		{5F39EDC1-98C9-4F19-A59F-5D02352733F1}.Debug|x86.Build.0 = Debug|Any CPU
		{5F39EDC1-98C9-4F19-A59F-5D02352733F1}.Release|Any CPU.ActiveCfg = Release|Any CPU
		{5F39EDC1-98C9-4F19-A59F-5D02352733F1}.Release|Any CPU.Build.0 = Release|Any CPU
		{5F39EDC1-98C9-4F19-A59F-5D02352733F1}.Release|x64.ActiveCfg = Release|Any CPU
		{5F39EDC1-98C9-4F19-A59F-5D02352733F1}.Release|x64.Build.0 = Release|Any CPU
		{5F39EDC1-98C9-4F19-A59F-5D02352733F1}.Release|x86.ActiveCfg = Release|Any CPU
		{5F39EDC1-98C9-4F19-A59F-5D02352733F1}.Release|x86.Build.0 = Release|Any CPU
		{F29E0EB3-A9CD-4C65-B052-FD6430ADE957}.Debug|Any CPU.ActiveCfg = Debug|Any CPU
		{F29E0EB3-A9CD-4C65-B052-FD6430ADE957}.Debug|Any CPU.Build.0 = Debug|Any CPU
		{F29E0EB3-A9CD-4C65-B052-FD6430ADE957}.Debug|x64.ActiveCfg = Debug|Any CPU
		{F29E0EB3-A9CD-4C65-B052-FD6430ADE957}.Debug|x64.Build.0 = Debug|Any CPU
		{F29E0EB3-A9CD-4C65-B052-FD6430ADE957}.Debug|x86.ActiveCfg = Debug|Any CPU
		{F29E0EB3-A9CD-4C65-B052-FD6430ADE957}.Debug|x86.Build.0 = Debug|Any CPU
		{F29E0EB3-A9CD-4C65-B052-FD6430ADE957}.Release|Any CPU.ActiveCfg = Release|Any CPU
		{F29E0EB3-A9CD-4C65-B052-FD6430ADE957}.Release|Any CPU.Build.0 = Release|Any CPU
		{F29E0EB3-A9CD-4C65-B052-FD6430ADE957}.Release|x64.ActiveCfg = Release|Any CPU
		{F29E0EB3-A9CD-4C65-B052-FD6430ADE957}.Release|x64.Build.0 = Release|Any CPU
		{F29E0EB3-A9CD-4C65-B052-FD6430ADE957}.Release|x86.ActiveCfg = Release|Any CPU
		{F29E0EB3-A9CD-4C65-B052-FD6430ADE957}.Release|x86.Build.0 = Release|Any CPU
		{65550CB2-4BA5-48EA-A501-1AF662DECE0F}.Debug|Any CPU.ActiveCfg = Debug|Any CPU
		{65550CB2-4BA5-48EA-A501-1AF662DECE0F}.Debug|Any CPU.Build.0 = Debug|Any CPU
		{65550CB2-4BA5-48EA-A501-1AF662DECE0F}.Debug|x64.ActiveCfg = Debug|Any CPU
		{65550CB2-4BA5-48EA-A501-1AF662DECE0F}.Debug|x64.Build.0 = Debug|Any CPU
		{65550CB2-4BA5-48EA-A501-1AF662DECE0F}.Debug|x86.ActiveCfg = Debug|Any CPU
		{65550CB2-4BA5-48EA-A501-1AF662DECE0F}.Debug|x86.Build.0 = Debug|Any CPU
		{65550CB2-4BA5-48EA-A501-1AF662DECE0F}.Release|Any CPU.ActiveCfg = Release|Any CPU
		{65550CB2-4BA5-48EA-A501-1AF662DECE0F}.Release|Any CPU.Build.0 = Release|Any CPU
		{65550CB2-4BA5-48EA-A501-1AF662DECE0F}.Release|x64.ActiveCfg = Release|Any CPU
		{65550CB2-4BA5-48EA-A501-1AF662DECE0F}.Release|x64.Build.0 = Release|Any CPU
		{65550CB2-4BA5-48EA-A501-1AF662DECE0F}.Release|x86.ActiveCfg = Release|Any CPU
		{65550CB2-4BA5-48EA-A501-1AF662DECE0F}.Release|x86.Build.0 = Release|Any CPU
		{64AF6FFF-97F6-4803-B55A-9949447B17BB}.Debug|Any CPU.ActiveCfg = Debug|Any CPU
		{64AF6FFF-97F6-4803-B55A-9949447B17BB}.Debug|Any CPU.Build.0 = Debug|Any CPU
		{64AF6FFF-97F6-4803-B55A-9949447B17BB}.Debug|x64.ActiveCfg = Debug|Any CPU
		{64AF6FFF-97F6-4803-B55A-9949447B17BB}.Debug|x64.Build.0 = Debug|Any CPU
		{64AF6FFF-97F6-4803-B55A-9949447B17BB}.Debug|x86.ActiveCfg = Debug|Any CPU
		{64AF6FFF-97F6-4803-B55A-9949447B17BB}.Debug|x86.Build.0 = Debug|Any CPU
		{64AF6FFF-97F6-4803-B55A-9949447B17BB}.Release|Any CPU.ActiveCfg = Release|Any CPU
		{64AF6FFF-97F6-4803-B55A-9949447B17BB}.Release|Any CPU.Build.0 = Release|Any CPU
		{64AF6FFF-97F6-4803-B55A-9949447B17BB}.Release|x64.ActiveCfg = Release|Any CPU
		{64AF6FFF-97F6-4803-B55A-9949447B17BB}.Release|x64.Build.0 = Release|Any CPU
		{64AF6FFF-97F6-4803-B55A-9949447B17BB}.Release|x86.ActiveCfg = Release|Any CPU
		{64AF6FFF-97F6-4803-B55A-9949447B17BB}.Release|x86.Build.0 = Release|Any CPU
	EndGlobalSection
	GlobalSection(SolutionProperties) = preSolution
		HideSolutionNode = FALSE
	EndGlobalSection
	GlobalSection(NestedProjects) = preSolution
		{043A78BD-95ED-441B-B615-BEAD067541C4} = {827E0CD3-B72D-47B6-A68D-7590B98EB39B}
		{DCB5DBB8-454F-4A9D-BE64-99BA62F4A688} = {827E0CD3-B72D-47B6-A68D-7590B98EB39B}
		{36201AE3-B1F8-42B2-A7B7-E61FD94F7BD0} = {827E0CD3-B72D-47B6-A68D-7590B98EB39B}
		{5F39EDC1-98C9-4F19-A59F-5D02352733F1} = {827E0CD3-B72D-47B6-A68D-7590B98EB39B}
		{F29E0EB3-A9CD-4C65-B052-FD6430ADE957} = {0AB3BF05-4346-4AA6-1389-037BE0695223}
		{65550CB2-4BA5-48EA-A501-1AF662DECE0F} = {0AB3BF05-4346-4AA6-1389-037BE0695223}
		{64AF6FFF-97F6-4803-B55A-9949447B17BB} = {0AB3BF05-4346-4AA6-1389-037BE0695223}
	EndGlobalSection
	GlobalSection(ExtensibilityGlobals) = postSolution
		SolutionGuid = {A660BD4A-F2D0-475E-8A3E-9450C5D5B775}
	EndGlobalSection
EndGlobal
